{
  "requires": true,
  "lockfileVersion": 1,
  "dependencies": {
    "bootstrap": {
      "version": "4.3.1"
    },
    "i18n-locales": {
      "version": "0.0.2",
      "resolved": "https://registry.npmjs.org/i18n-locales/-/i18n-locales-0.0.2.tgz",
      "integrity": "sha512-WCaJVIfU10v0/ZNy+mG7fCUQb1o2PsM7tNf1dUg0uU9OxtygDkWRqLT9Q/X30V2XsUb6XUEPbSsdUiORfDPVQA=="
    }
  }
}
